
Microsoft Visual Studio Solution File, Format Version 12.00
# Visual Studio 2013
VisualStudioVersion = 12.0.31101.0
MinimumVisualStudioVersion = 10.0.40219.1
Project("{8BC9CEB8-8B4A-11D0-8D11-00A0C91BC942}") = "JeweLife", "JeweLife\JeweLife.vcxproj", "{4130F4DB-7B59-440B-9579-419C74EAB091}"
EndProject
Global
	GlobalSection(SolutionConfigurationPlatforms) = preSolution
		Debug|Win32 = Debug|Win32
		Release|Win32 = Release|Win32
	EndGlobalSection
	GlobalSection(ProjectConfigurationPlatforms) = postSolution
		{4130F4DB-7B59-440B-9579-419C74EAB091}.Debug|Win32.ActiveCfg = Debug|Win32
		{4130F4DB-7B59-440B-9579-419C74EAB091}.Debug|Win32.Build.0 = Debug|Win32
		{4130F4DB-7B59-440B-9579-419C74EAB091}.Release|Win32.ActiveCfg = Release|Win32
		{4130F4DB-7B59-440B-9579-419C74EAB091}.Release|Win32.Build.0 = Release|Win32
	EndGlobalSection
	GlobalSection(SolutionProperties) = preSolution
		HideSolutionNode = FALSE
	EndGlobalSection
EndGlobal
